
Microsoft Visual Studio Solution File, Format Version 12.00
# Visual Studio Version 16
VisualStudioVersion = 16.0.33529.622
MinimumVisualStudioVersion = 10.0.40219.1
Project("{FAE04EC0-301F-11D3-BF4B-00C04F79EFBC}") = "MvcOnlineTicariOtomasyon", "MvcOnlineTicariOtomasyon\MvcOnlineTicariOtomasyon.csproj", "{2E113DE0-0019-48A2-8020-966524BE2F6B}"
EndProject
Global
	GlobalSection(SolutionConfigurationPlatforms) = preSolution
		Debug|Any CPU = Debug|Any CPU
		Release|Any CPU = Release|Any CPU
	EndGlobalSection
	GlobalSection(ProjectConfigurationPlatforms) = postSolution
		{2E113DE0-0019-48A2-8020-966524BE2F6B}.Debug|Any CPU.ActiveCfg = Debug|Any CPU
		{2E113DE0-0019-48A2-8020-966524BE2F6B}.Debug|Any CPU.Build.0 = Debug|Any CPU
		{2E113DE0-0019-48A2-8020-966524BE2F6B}.Release|Any CPU.ActiveCfg = Release|Any CPU
		{2E113DE0-0019-48A2-8020-966524BE2F6B}.Release|Any CPU.Build.0 = Release|Any CPU
	EndGlobalSection
	GlobalSection(SolutionProperties) = preSolution
		HideSolutionNode = FALSE
	EndGlobalSection
	GlobalSection(ExtensibilityGlobals) = postSolution
		SolutionGuid = {8A3FDB53-8DAB-4941-80A8-A93D8031386A}
	EndGlobalSection
EndGlobal
